
Microsoft Visual Studio Solution File, Format Version 12.00
# Visual Studio Version 16
VisualStudioVersion = 16.0.31005.135
MinimumVisualStudioVersion = 10.0.40219.1
Project("{FAE04EC0-301F-11D3-BF4B-00C04F79EFBC}") = "ProyectoFinal.Api", "ProyectoFinal.Api.csproj", "{A448F3A3-F991-4A0F-9791-06404854D418}"
EndProject
Global
	GlobalSection(SolutionConfigurationPlatforms) = preSolution
		Debug|Any CPU = Debug|Any CPU
		Release|Any CPU = Release|Any CPU
	EndGlobalSection
	GlobalSection(ProjectConfigurationPlatforms) = postSolution
		{A448F3A3-F991-4A0F-9791-06404854D418}.Debug|Any CPU.ActiveCfg = Debug|Any CPU
		{A448F3A3-F991-4A0F-9791-06404854D418}.Debug|Any CPU.Build.0 = Debug|Any CPU
		{A448F3A3-F991-4A0F-9791-06404854D418}.Release|Any CPU.ActiveCfg = Release|Any CPU
		{A448F3A3-F991-4A0F-9791-06404854D418}.Release|Any CPU.Build.0 = Release|Any CPU
	EndGlobalSection
	GlobalSection(SolutionProperties) = preSolution
		HideSolutionNode = FALSE
	EndGlobalSection
	GlobalSection(ExtensibilityGlobals) = postSolution
		SolutionGuid = {C5E41B19-3B62-4E9A-BA9C-590C57FE540F}
	EndGlobalSection
EndGlobal
